{
  "name": "tcb-admin-node",
  "version": "1.10.0",
  "lockfileVersion": 1,
  "requires": true,
  "dependencies": {
    "microtime": {
      "version": "3.0.0",
      "resolved": "http://r.tnpm.oa.com/microtime/download/microtime-3.0.0.tgz",
      "integrity": "sha1-0UCRS96Iqom0+f0qGGILQ1rw85s=",
      "requires": {
        "node-addon-api": "^1.2.0",
        "node-gyp-build": "^3.8.0"
      }
    },
    "node-addon-api": {
      "version": "1.7.1",
      "resolved": "http://r.tnpm.oa.com/node-addon-api/download/node-addon-api-1.7.1.tgz",
      "integrity": "sha1-z4E81pu42RAPa9ymdV/CaPVKxJI="
    },
    "node-gyp-build": {
      "version": "3.9.0",
      "resolved": "http://r.tnpm.oa.com/node-gyp-build/download/node-gyp-build-3.9.0.tgz",
      "integrity": "sha1-U6NQGH3U1SdnUNohYF0ctoHQniU="
    }
  }
}
